
Microsoft Visual Studio Solution File, Format Version 12.00
# Visual Studio Version 17
VisualStudioVersion = 17.11.35312.102
MinimumVisualStudioVersion = 10.0.40219.1
Project("{FAE04EC0-301F-11D3-BF4B-00C04F79EFBC}") = "GestionTareasAPI", "GestionTareasAPI\GestionTareasAPI.csproj", "{35C0DD34-169D-47A5-A881-C0E4F433402E}"
EndProject
Global
	GlobalSection(SolutionConfigurationPlatforms) = preSolution
		Debug|Any CPU = Debug|Any CPU
		Release|Any CPU = Release|Any CPU
	EndGlobalSection
	GlobalSection(ProjectConfigurationPlatforms) = postSolution
		{35C0DD34-169D-47A5-A881-C0E4F433402E}.Debug|Any CPU.ActiveCfg = Debug|Any CPU
		{35C0DD34-169D-47A5-A881-C0E4F433402E}.Debug|Any CPU.Build.0 = Debug|Any CPU
		{35C0DD34-169D-47A5-A881-C0E4F433402E}.Release|Any CPU.ActiveCfg = Release|Any CPU
		{35C0DD34-169D-47A5-A881-C0E4F433402E}.Release|Any CPU.Build.0 = Release|Any CPU
	EndGlobalSection
	GlobalSection(SolutionProperties) = preSolution
		HideSolutionNode = FALSE
	EndGlobalSection
	GlobalSection(ExtensibilityGlobals) = postSolution
		SolutionGuid = {E5A10801-08CD-4422-85B8-BDB747914B40}
	EndGlobalSection
EndGlobal
